
Microsoft Visual Studio Solution File, Format Version 12.00
# Visual Studio Version 17
VisualStudioVersion = 17.14.37203.1 d17.14
MinimumVisualStudioVersion = 10.0.40219.1
Project("{FAE04EC0-301F-11D3-BF4B-00C04F79EFBC}") = "ToolBridge_v0.1.0_ApiChecker", "ToolBridge_v0.1.0_ApiChecker.csproj", "{2DC42E90-CB22-474A-926E-6635505072D9}"
EndProject
Global
	GlobalSection(SolutionConfigurationPlatforms) = preSolution
		Debug|Any CPU = Debug|Any CPU
		Release|Any CPU = Release|Any CPU
	EndGlobalSection
	GlobalSection(ProjectConfigurationPlatforms) = postSolution
		{2DC42E90-CB22-474A-926E-6635505072D9}.Debug|Any CPU.ActiveCfg = Debug|Any CPU
		{2DC42E90-CB22-474A-926E-6635505072D9}.Debug|Any CPU.Build.0 = Debug|Any CPU
		{2DC42E90-CB22-474A-926E-6635505072D9}.Release|Any CPU.ActiveCfg = Release|Any CPU
		{2DC42E90-CB22-474A-926E-6635505072D9}.Release|Any CPU.Build.0 = Release|Any CPU
	EndGlobalSection
	GlobalSection(SolutionProperties) = preSolution
		HideSolutionNode = FALSE
	EndGlobalSection
	GlobalSection(ExtensibilityGlobals) = postSolution
		SolutionGuid = {99F49163-99BB-4CB1-BF4A-27E696E84FD3}
	EndGlobalSection
EndGlobal
